
Microsoft Visual Studio Solution File, Format Version 12.00
# Visual Studio Version 17
VisualStudioVersion = 17.6.33513.286
MinimumVisualStudioVersion = 10.0.40219.1
Project("{FAE04EC0-301F-11D3-BF4B-00C04F79EFBC}") = "NoteApplication", "NoteApplication\NoteApplication.csproj", "{BB65BA2B-95BA-4E05-95C8-1D90E940C82D}"
EndProject
Global
	GlobalSection(SolutionConfigurationPlatforms) = preSolution
		Debug|Any CPU = Debug|Any CPU
		Release|Any CPU = Release|Any CPU
	EndGlobalSection
	GlobalSection(ProjectConfigurationPlatforms) = postSolution
		{BB65BA2B-95BA-4E05-95C8-1D90E940C82D}.Debug|Any CPU.ActiveCfg = Debug|Any CPU
		{BB65BA2B-95BA-4E05-95C8-1D90E940C82D}.Debug|Any CPU.Build.0 = Debug|Any CPU
		{BB65BA2B-95BA-4E05-95C8-1D90E940C82D}.Release|Any CPU.ActiveCfg = Release|Any CPU
		{BB65BA2B-95BA-4E05-95C8-1D90E940C82D}.Release|Any CPU.Build.0 = Release|Any CPU
	EndGlobalSection
	GlobalSection(SolutionProperties) = preSolution
		HideSolutionNode = FALSE
	EndGlobalSection
	GlobalSection(ExtensibilityGlobals) = postSolution
		SolutionGuid = {548FA32B-086D-4A7F-A477-D761B18B50B0}
	EndGlobalSection
EndGlobal
